
Microsoft Visual Studio Solution File, Format Version 12.00
# Visual Studio Version 16
VisualStudioVersion = 16.0.28803.156
MinimumVisualStudioVersion = 10.0.40219.1
Project("{E24C65DC-7377-472B-9ABA-BC803B73C61A}") = "Client", "Client\", "{70C3032E-A0C0-4DF9-9D58-8C0AE7374F5A}"
	ProjectSection(WebsiteProperties) = preProject
		TargetFrameworkMoniker = ".NETFramework,Version%3Dv4.0"
		Debug.AspNetCompiler.VirtualPath = "/localhost_56806"
		Debug.AspNetCompiler.PhysicalPath = "Client\"
		Debug.AspNetCompiler.TargetPath = "PrecompiledWeb\localhost_56806\"
		Debug.AspNetCompiler.Updateable = "true"
		Debug.AspNetCompiler.ForceOverwrite = "true"
		Debug.AspNetCompiler.FixedNames = "false"
		Debug.AspNetCompiler.Debug = "True"
		Release.AspNetCompiler.VirtualPath = "/localhost_56806"
		Release.AspNetCompiler.PhysicalPath = "Client\"
		Release.AspNetCompiler.TargetPath = "PrecompiledWeb\localhost_56806\"
		Release.AspNetCompiler.Updateable = "true"
		Release.AspNetCompiler.ForceOverwrite = "true"
		Release.AspNetCompiler.FixedNames = "false"
		Release.AspNetCompiler.Debug = "False"
		VWDPort = "56806"
		SlnRelativePath = "Client\"
	EndProjectSection
EndProject
Project("{9A19103F-16F7-4668-BE54-9A1E7A4F7556}") = "Models", "Models\Models.csproj", "{F464E774-1C86-4E38-A968-F01327DA459A}"
EndProject
Project("{2150E333-8FDC-42A3-9474-1A3956D46DE8}") = "Server", "Server", "{1049D1CA-1B9C-46E6-B3EF-AFA0A9402090}"
EndProject
Project("{FAE04EC0-301F-11D3-BF4B-00C04F79EFBC}") = "BusinessLayer", "BusinessLayer\BusinessLayer.csproj", "{988097E1-C7F9-48DD-B84F-E9C2835D8258}"
EndProject
Project("{FAE04EC0-301F-11D3-BF4B-00C04F79EFBC}") = "WebAPI", "WebAPI\WebAPI.csproj", "{B4D96C25-0527-4713-8C68-F966D5110558}"
EndProject
Global
	GlobalSection(SolutionConfigurationPlatforms) = preSolution
		Debug|Any CPU = Debug|Any CPU
		Release|Any CPU = Release|Any CPU
	EndGlobalSection
	GlobalSection(ProjectConfigurationPlatforms) = postSolution
		{70C3032E-A0C0-4DF9-9D58-8C0AE7374F5A}.Debug|Any CPU.ActiveCfg = Debug|Any CPU
		{70C3032E-A0C0-4DF9-9D58-8C0AE7374F5A}.Debug|Any CPU.Build.0 = Debug|Any CPU
		{70C3032E-A0C0-4DF9-9D58-8C0AE7374F5A}.Release|Any CPU.ActiveCfg = Debug|Any CPU
		{70C3032E-A0C0-4DF9-9D58-8C0AE7374F5A}.Release|Any CPU.Build.0 = Debug|Any CPU
		{F464E774-1C86-4E38-A968-F01327DA459A}.Debug|Any CPU.ActiveCfg = Debug|Any CPU
		{F464E774-1C86-4E38-A968-F01327DA459A}.Debug|Any CPU.Build.0 = Debug|Any CPU
		{F464E774-1C86-4E38-A968-F01327DA459A}.Release|Any CPU.ActiveCfg = Release|Any CPU
		{F464E774-1C86-4E38-A968-F01327DA459A}.Release|Any CPU.Build.0 = Release|Any CPU
		{988097E1-C7F9-48DD-B84F-E9C2835D8258}.Debug|Any CPU.ActiveCfg = Debug|Any CPU
		{988097E1-C7F9-48DD-B84F-E9C2835D8258}.Debug|Any CPU.Build.0 = Debug|Any CPU
		{988097E1-C7F9-48DD-B84F-E9C2835D8258}.Release|Any CPU.ActiveCfg = Release|Any CPU
		{988097E1-C7F9-48DD-B84F-E9C2835D8258}.Release|Any CPU.Build.0 = Release|Any CPU
		{B4D96C25-0527-4713-8C68-F966D5110558}.Debug|Any CPU.ActiveCfg = Debug|Any CPU
		{B4D96C25-0527-4713-8C68-F966D5110558}.Debug|Any CPU.Build.0 = Debug|Any CPU
		{B4D96C25-0527-4713-8C68-F966D5110558}.Release|Any CPU.ActiveCfg = Release|Any CPU
		{B4D96C25-0527-4713-8C68-F966D5110558}.Release|Any CPU.Build.0 = Release|Any CPU
	EndGlobalSection
	GlobalSection(SolutionProperties) = preSolution
		HideSolutionNode = FALSE
	EndGlobalSection
	GlobalSection(NestedProjects) = preSolution
		{F464E774-1C86-4E38-A968-F01327DA459A} = {1049D1CA-1B9C-46E6-B3EF-AFA0A9402090}
		{988097E1-C7F9-48DD-B84F-E9C2835D8258} = {1049D1CA-1B9C-46E6-B3EF-AFA0A9402090}
		{B4D96C25-0527-4713-8C68-F966D5110558} = {1049D1CA-1B9C-46E6-B3EF-AFA0A9402090}
	EndGlobalSection
	GlobalSection(ExtensibilityGlobals) = postSolution
		SolutionGuid = {F849EA18-ED4C-46DF-AF4F-32503C7A57C0}
	EndGlobalSection
EndGlobal
